// !$*UTF8*$!
{
	archiveVersion = 1;
	classes = {
	};
	objectVersion = 46;
	objects = {

/* Begin PBXBuildFile section */
		20386B9F1BBBDD6700E2FB0A /* main.m in Sources */ = {isa = PBXBuildFile; fileRef = 20386B9E1BBBDD6700E2FB0A /* main.m */; };
		20386BA21BBBDD6700E2FB0A /* AppDelegate.m in Sources */ = {isa = PBXBuildFile; fileRef = 20386BA11BBBDD6700E2FB0A /* AppDelegate.m */; };
		20386BA51BBBDD6700E2FB0A /* PhotoViewController.m in Sources */ = {isa = PBXBuildFile; fileRef = 20386BA41BBBDD6700E2FB0A /* PhotoViewController.m */; };
		20386BA81BBBDD6700E2FB0A /* Main.storyboard in Resources */ = {isa = PBXBuildFile; fileRef = 20386BA61BBBDD6700E2FB0A /* Main.storyboard */; };
		20386BAA1BBBDD6700E2FB0A /* Assets.xcassets in Resources */ = {isa = PBXBuildFile; fileRef = 20386BA91BBBDD6700E2FB0A /* Assets.xcassets */; };
		20386BAD1BBBDD6700E2FB0A /* LaunchScreen.storyboard in Resources */ = {isa = PBXBuildFile; fileRef = 20386BAB1BBBDD6700E2FB0A /* LaunchScreen.storyboard */; };
		20413FBC1BFEA79100B432E6 /* PTTViewController.m in Sources */ = {isa = PBXBuildFile; fileRef = 20413FBB1BFEA79100B432E6 /* PTTViewController.m */; };
		20413FC11BFEBF1F00B432E6 /* TabViewController.m in Sources */ = {isa = PBXBuildFile; fileRef = 20413FC01BFEBF1F00B432E6 /* TabViewController.m */; };
		20D2FB901BFAE71E00505772 /* folder.png in Resources */ = {isa = PBXBuildFile; fileRef = 20D2FB8F1BFAE71E00505772 /* folder.png */; };
		20E5F54B1C03FCF1007C9867 /* Photomgr.framework in Frameworks */ = {isa = PBXBuildFile; fileRef = 20E5F54A1C03FCF1007C9867 /* Photomgr.framework */; };
		20E5F54E1C03FD38007C9867 /* CK101ViewController.m in Sources */ = {isa = PBXBuildFile; fileRef = 20E5F54C1C03FD38007C9867 /* CK101ViewController.m */; };
		20EF866B1BBD36F10006D848 /* libz.dylib in Frameworks */ = {isa = PBXBuildFile; fileRef = 20EF866A1BBD36F10006D848 /* libz.dylib */; };
		B2A5404C40B604612A0E3D7E /* Pods_photoviewer.framework in Frameworks */ = {isa = PBXBuildFile; fileRef = D94F30CCD3E0BE993EBCA34E /* Pods_photoviewer.framework */; };
/* End PBXBuildFile section */

/* Begin PBXFileReference section */
		20386B9A1BBBDD6700E2FB0A /* photoviewer.app */ = {isa = PBXFileReference; explicitFileType = wrapper.application; includeInIndex = 0; path = photoviewer.app; sourceTree = BUILT_PRODUCTS_DIR; };
		20386B9E1BBBDD6700E2FB0A /* main.m */ = {isa = PBXFileReference; lastKnownFileType = sourcecode.c.objc; path = main.m; sourceTree = "<group>"; };
		20386BA01BBBDD6700E2FB0A /* AppDelegate.h */ = {isa = PBXFileReference; lastKnownFileType = sourcecode.c.h; path = AppDelegate.h; sourceTree = "<group>"; };
		20386BA11BBBDD6700E2FB0A /* AppDelegate.m */ = {isa = PBXFileReference; lastKnownFileType = sourcecode.c.objc; path = AppDelegate.m; sourceTree = "<group>"; };
		20386BA31BBBDD6700E2FB0A /* PhotoViewController.h */ = {isa = PBXFileReference; lastKnownFileType = sourcecode.c.h; path = PhotoViewController.h; sourceTree = "<group>"; };
		20386BA41BBBDD6700E2FB0A /* PhotoViewController.m */ = {isa = PBXFileReference; explicitFileType = sourcecode.c.objc; path = PhotoViewController.m; sourceTree = "<group>"; };
		20386BA71BBBDD6700E2FB0A /* Base */ = {isa = PBXFileReference; lastKnownFileType = file.storyboard; name = Base; path = Base.lproj/Main.storyboard; sourceTree = "<group>"; };
		20386BA91BBBDD6700E2FB0A /* Assets.xcassets */ = {isa = PBXFileReference; lastKnownFileType = folder.assetcatalog; path = Assets.xcassets; sourceTree = "<group>"; };
		20386BAC1BBBDD6700E2FB0A /* Base */ = {isa = PBXFileReference; lastKnownFileType = file.storyboard; name = Base; path = Base.lproj/LaunchScreen.storyboard; sourceTree = "<group>"; };
		20386BAE1BBBDD6700E2FB0A /* Info.plist */ = {isa = PBXFileReference; lastKnownFileType = text.plist.xml; path = Info.plist; sourceTree = "<group>"; };
		20413FBA1BFEA79100B432E6 /* PTTViewController.h */ = {isa = PBXFileReference; fileEncoding = 4; lastKnownFileType = sourcecode.c.h; path = PTTViewController.h; sourceTree = "<group>"; };
		20413FBB1BFEA79100B432E6 /* PTTViewController.m */ = {isa = PBXFileReference; fileEncoding = 4; lastKnownFileType = sourcecode.c.objc; path = PTTViewController.m; sourceTree = "<group>"; };
		20413FBF1BFEBF1F00B432E6 /* TabViewController.h */ = {isa = PBXFileReference; fileEncoding = 4; lastKnownFileType = sourcecode.c.h; path = TabViewController.h; sourceTree = "<group>"; };
		20413FC01BFEBF1F00B432E6 /* TabViewController.m */ = {isa = PBXFileReference; fileEncoding = 4; lastKnownFileType = sourcecode.c.objc; path = TabViewController.m; sourceTree = "<group>"; };
		20D2FB8F1BFAE71E00505772 /* folder.png */ = {isa = PBXFileReference; lastKnownFileType = image.png; path = folder.png; sourceTree = "<group>"; };
		20E5F54A1C03FCF1007C9867 /* Photomgr.framework */ = {isa = PBXFileReference; lastKnownFileType = wrapper.framework; path = Photomgr.framework; sourceTree = "<group>"; };
		20E5F54C1C03FD38007C9867 /* CK101ViewController.m */ = {isa = PBXFileReference; fileEncoding = 4; lastKnownFileType = sourcecode.c.objc; path = CK101ViewController.m; sourceTree = "<group>"; };
		20E5F54D1C03FD38007C9867 /* CK101ViewController.h */ = {isa = PBXFileReference; fileEncoding = 4; lastKnownFileType = sourcecode.c.h; path = CK101ViewController.h; sourceTree = "<group>"; };
		20EF866A1BBD36F10006D848 /* libz.dylib */ = {isa = PBXFileReference; lastKnownFileType = "compiled.mach-o.dylib"; name = libz.dylib; path = /usr/lib/libz.dylib; sourceTree = "<absolute>"; };
		2DEA2D13FCB22E9E227FDFEB /* Pods-photoviewer.release.xcconfig */ = {isa = PBXFileReference; includeInIndex = 1; lastKnownFileType = text.xcconfig; name = "Pods-photoviewer.release.xcconfig"; path = "Pods/Target Support Files/Pods-photoviewer/Pods-photoviewer.release.xcconfig"; sourceTree = "<group>"; };
		D94F30CCD3E0BE993EBCA34E /* Pods_photoviewer.framework */ = {isa = PBXFileReference; explicitFileType = wrapper.framework; includeInIndex = 0; path = Pods_photoviewer.framework; sourceTree = BUILT_PRODUCTS_DIR; };
		D96154F88BDD0978867E9B04 /* Pods-photoviewer.debug.xcconfig */ = {isa = PBXFileReference; includeInIndex = 1; lastKnownFileType = text.xcconfig; name = "Pods-photoviewer.debug.xcconfig"; path = "Pods/Target Support Files/Pods-photoviewer/Pods-photoviewer.debug.xcconfig"; sourceTree = "<group>"; };
/* End PBXFileReference section */

/* Begin PBXFrameworksBuildPhase section */
		20386B971BBBDD6700E2FB0A /* Frameworks */ = {
			isa = PBXFrameworksBuildPhase;
			buildActionMask = 2147483647;
			files = (
				20EF866B1BBD36F10006D848 /* libz.dylib in Frameworks */,
				20E5F54B1C03FCF1007C9867 /* Photomgr.framework in Frameworks */,
				B2A5404C40B604612A0E3D7E /* Pods_photoviewer.framework in Frameworks */,
			);
			runOnlyForDeploymentPostprocessing = 0;
		};
/* End PBXFrameworksBuildPhase section */

/* Begin PBXGroup section */
		11E8F9B78AE30D8267F2CA44 /* Frameworks */ = {
			isa = PBXGroup;
			children = (
				20E5F54A1C03FCF1007C9867 /* Photomgr.framework */,
				20EF866A1BBD36F10006D848 /* libz.dylib */,
				D94F30CCD3E0BE993EBCA34E /* Pods_photoviewer.framework */,
			);
			name = Frameworks;
			sourceTree = "<group>";
		};
		20386B911BBBDD6700E2FB0A = {
			isa = PBXGroup;
			children = (
				11E8F9B78AE30D8267F2CA44 /* Frameworks */,
				20386B9C1BBBDD6700E2FB0A /* photoviewer */,
				20386B9B1BBBDD6700E2FB0A /* Products */,
				BC2E4698932EF5D3E030A7BC /* Pods */,
			);
			sourceTree = "<group>";
		};
		20386B9B1BBBDD6700E2FB0A /* Products */ = {
			isa = PBXGroup;
			children = (
				20386B9A1BBBDD6700E2FB0A /* photoviewer.app */,
			);
			name = Products;
			sourceTree = "<group>";
		};
		20386B9C1BBBDD6700E2FB0A /* photoviewer */ = {
			isa = PBXGroup;
			children = (
				20E5F54C1C03FD38007C9867 /* CK101ViewController.m */,
				20E5F54D1C03FD38007C9867 /* CK101ViewController.h */,
				20386BA01BBBDD6700E2FB0A /* AppDelegate.h */,
				20386BA11BBBDD6700E2FB0A /* AppDelegate.m */,
				20413FBF1BFEBF1F00B432E6 /* TabViewController.h */,
				20413FC01BFEBF1F00B432E6 /* TabViewController.m */,
				20413FBA1BFEA79100B432E6 /* PTTViewController.h */,
				20413FBB1BFEA79100B432E6 /* PTTViewController.m */,
				20386BA31BBBDD6700E2FB0A /* PhotoViewController.h */,
				20386BA41BBBDD6700E2FB0A /* PhotoViewController.m */,
				20386BA61BBBDD6700E2FB0A /* Main.storyboard */,
				20386BA91BBBDD6700E2FB0A /* Assets.xcassets */,
				20386BAB1BBBDD6700E2FB0A /* LaunchScreen.storyboard */,
				20386BAE1BBBDD6700E2FB0A /* Info.plist */,
				20386B9D1BBBDD6700E2FB0A /* Supporting Files */,
			);
			path = photoviewer;
			sourceTree = "<group>";
		};
		20386B9D1BBBDD6700E2FB0A /* Supporting Files */ = {
			isa = PBXGroup;
			children = (
				20D2FB8F1BFAE71E00505772 /* folder.png */,
				20386B9E1BBBDD6700E2FB0A /* main.m */,
			);
			name = "Supporting Files";
			sourceTree = "<group>";
		};
		BC2E4698932EF5D3E030A7BC /* Pods */ = {
			isa = PBXGroup;
			children = (
				D96154F88BDD0978867E9B04 /* Pods-photoviewer.debug.xcconfig */,
				2DEA2D13FCB22E9E227FDFEB /* Pods-photoviewer.release.xcconfig */,
			);
			name = Pods;
			sourceTree = "<group>";
		};
/* End PBXGroup section */

/* Begin PBXNativeTarget section */
		20386B991BBBDD6700E2FB0A /* photoviewer */ = {
			isa = PBXNativeTarget;
			buildConfigurationList = 20386BC71BBBDD6700E2FB0A /* Build configuration list for PBXNativeTarget "photoviewer" */;
			buildPhases = (
				8179B5D98A1EAF15AC50B899 /* [CP] Check Pods Manifest.lock */,
				20386B961BBBDD6700E2FB0A /* Sources */,
				20386B971BBBDD6700E2FB0A /* Frameworks */,
				20386B981BBBDD6700E2FB0A /* Resources */,
				363171521957352E0B7D81FE /* [CP] Embed Pods Frameworks */,
				4E57527511DE1D7647C73BC8 /* [CP] Copy Pods Resources */,
			);
			buildRules = (
			);
			dependencies = (
			);
			name = photoviewer;
			productName = photoviewer;
			productReference = 20386B9A1BBBDD6700E2FB0A /* photoviewer.app */;
			productType = "com.apple.product-type.application";
		};
/* End PBXNativeTarget section */

/* Begin PBXProject section */
		20386B921BBBDD6700E2FB0A /* Project object */ = {
			isa = PBXProject;
			attributes = {
				LastUpgradeCheck = 1170;
				ORGANIZATIONNAME = chicony;
				TargetAttributes = {
					20386B991BBBDD6700E2FB0A = {
						CreatedOnToolsVersion = 7.0;
						DevelopmentTeam = R985F5DP6G;
						SystemCapabilities = {
							com.apple.BackgroundModes = {
								enabled = 1;
							};
						};
					};
				};
			};
			buildConfigurationList = 20386B951BBBDD6700E2FB0A /* Build configuration list for PBXProject "photoviewer" */;
			compatibilityVersion = "Xcode 3.2";
			developmentRegion = en;
			hasScannedForEncodings = 0;
			knownRegions = (
				en,
				Base,
			);
			mainGroup = 20386B911BBBDD6700E2FB0A;
			productRefGroup = 20386B9B1BBBDD6700E2FB0A /* Products */;
			projectDirPath = "";
			projectRoot = "";
			targets = (
				20386B991BBBDD6700E2FB0A /* photoviewer */,
			);
		};
/* End PBXProject section */

/* Begin PBXResourcesBuildPhase section */
		20386B981BBBDD6700E2FB0A /* Resources */ = {
			isa = PBXResourcesBuildPhase;
			buildActionMask = 2147483647;
			files = (
				20386BAD1BBBDD6700E2FB0A /* LaunchScreen.storyboard in Resources */,
				20386BAA1BBBDD6700E2FB0A /* Assets.xcassets in Resources */,
				20386BA81BBBDD6700E2FB0A /* Main.storyboard in Resources */,
				20D2FB901BFAE71E00505772 /* folder.png in Resources */,
			);
			runOnlyForDeploymentPostprocessing = 0;
		};
/* End PBXResourcesBuildPhase section */

/* Begin PBXShellScriptBuildPhase section */
		363171521957352E0B7D81FE /* [CP] Embed Pods Frameworks */ = {
			isa = PBXShellScriptBuildPhase;
			buildActionMask = 2147483647;
			files = (
			);
			inputPaths = (
			);
			name = "[CP] Embed Pods Frameworks";
			outputPaths = (
			);
			runOnlyForDeploymentPostprocessing = 0;
			shellPath = /bin/sh;
			shellScript = "\"${SRCROOT}/Pods/Target Support Files/Pods-photoviewer/Pods-photoviewer-frameworks.sh\"\n";
			showEnvVarsInLog = 0;
		};
		4E57527511DE1D7647C73BC8 /* [CP] Copy Pods Resources */ = {
			isa = PBXShellScriptBuildPhase;
			buildActionMask = 2147483647;
			files = (
			);
			inputPaths = (
			);
			name = "[CP] Copy Pods Resources";
			outputPaths = (
			);
			runOnlyForDeploymentPostprocessing = 0;
			shellPath = /bin/sh;
			shellScript = "\"${SRCROOT}/Pods/Target Support Files/Pods-photoviewer/Pods-photoviewer-resources.sh\"\n";
			showEnvVarsInLog = 0;
		};
		8179B5D98A1EAF15AC50B899 /* [CP] Check Pods Manifest.lock */ = {
			isa = PBXShellScriptBuildPhase;
			buildActionMask = 2147483647;
			files = (
			);
			inputPaths = (
			);
			name = "[CP] Check Pods Manifest.lock";
			outputPaths = (
			);
			runOnlyForDeploymentPostprocessing = 0;
			shellPath = /bin/sh;
			shellScript = "diff \"${PODS_ROOT}/../Podfile.lock\" \"${PODS_ROOT}/Manifest.lock\" > /dev/null\nif [ $? != 0 ] ; then\n    # print error to STDERR\n    echo \"error: The sandbox is not in sync with the Podfile.lock. Run 'pod install' or update your CocoaPods installation.\" >&2\n    exit 1\nfi\n";
			showEnvVarsInLog = 0;
		};
/* End PBXShellScriptBuildPhase section */

/* Begin PBXSourcesBuildPhase section */
		20386B961BBBDD6700E2FB0A /* Sources */ = {
			isa = PBXSourcesBuildPhase;
			buildActionMask = 2147483647;
			files = (
				20386BA51BBBDD6700E2FB0A /* PhotoViewController.m in Sources */,
				20413FBC1BFEA79100B432E6 /* PTTViewController.m in Sources */,
				20386BA21BBBDD6700E2FB0A /* AppDelegate.m in Sources */,
				20386B9F1BBBDD6700E2FB0A /* main.m in Sources */,
				20413FC11BFEBF1F00B432E6 /* TabViewController.m in Sources */,
				20E5F54E1C03FD38007C9867 /* CK101ViewController.m in Sources */,
			);
			runOnlyForDeploymentPostprocessing = 0;
		};
/* End PBXSourcesBuildPhase section */

/* Begin PBXVariantGroup section */
		20386BA61BBBDD6700E2FB0A /* Main.storyboard */ = {
			isa = PBXVariantGroup;
			children = (
				20386BA71BBBDD6700E2FB0A /* Base */,
			);
			name = Main.storyboard;
			sourceTree = "<group>";
		};
		20386BAB1BBBDD6700E2FB0A /* LaunchScreen.storyboard */ = {
			isa = PBXVariantGroup;
			children = (
				20386BAC1BBBDD6700E2FB0A /* Base */,
			);
			name = LaunchScreen.storyboard;
			sourceTree = "<group>";
		};
/* End PBXVariantGroup section */

/* Begin XCBuildConfiguration section */
		20386BC51BBBDD6700E2FB0A /* Debug */ = {
			isa = XCBuildConfiguration;
			buildSettings = {
				ALWAYS_SEARCH_USER_PATHS = NO;
				CLANG_CXX_LANGUAGE_STANDARD = "gnu++0x";
				CLANG_CXX_LIBRARY = "libc++";
				CLANG_ENABLE_MODULES = YES;
				CLANG_ENABLE_OBJC_ARC = YES;
				CLANG_WARN_BLOCK_CAPTURE_AUTORELEASING = YES;
				CLANG_WARN_BOOL_CONVERSION = YES;
				CLANG_WARN_COMMA = YES;
				CLANG_WARN_CONSTANT_CONVERSION = YES;
				CLANG_WARN_DEPRECATED_OBJC_IMPLEMENTATIONS = YES;
				CLANG_WARN_DIRECT_OBJC_ISA_USAGE = YES_ERROR;
				CLANG_WARN_EMPTY_BODY = YES;
				CLANG_WARN_ENUM_CONVERSION = YES;
				CLANG_WARN_INFINITE_RECURSION = YES;
				CLANG_WARN_INT_CONVERSION = YES;
				CLANG_WARN_NON_LITERAL_NULL_CONVERSION = YES;
				CLANG_WARN_OBJC_IMPLICIT_RETAIN_SELF = YES;
				CLANG_WARN_OBJC_LITERAL_CONVERSION = YES;
				CLANG_WARN_OBJC_ROOT_CLASS = YES_ERROR;
				CLANG_WARN_RANGE_LOOP_ANALYSIS = YES;
				CLANG_WARN_STRICT_PROTOTYPES = YES;
				CLANG_WARN_SUSPICIOUS_MOVE = YES;
				CLANG_WARN_UNREACHABLE_CODE = YES;
				CLANG_WARN__DUPLICATE_METHOD_MATCH = YES;
				"CODE_SIGN_IDENTITY[sdk=iphoneos*]" = "iPhone Developer";
				COPY_PHASE_STRIP = NO;
				DEBUG_INFORMATION_FORMAT = dwarf;
				ENABLE_STRICT_OBJC_MSGSEND = YES;
				ENABLE_TESTABILITY = YES;
				GCC_C_LANGUAGE_STANDARD = gnu99;
				GCC_DYNAMIC_NO_PIC = NO;
				GCC_NO_COMMON_BLOCKS = YES;
				GCC_OPTIMIZATION_LEVEL = 0;
				GCC_PREPROCESSOR_DEFINITIONS = (
					"DEBUG=1",
					"$(inherited)",
				);
				GCC_WARN_64_TO_32_BIT_CONVERSION = YES;
				GCC_WARN_ABOUT_RETURN_TYPE = YES_ERROR;
				GCC_WARN_UNDECLARED_SELECTOR = YES;
				GCC_WARN_UNINITIALIZED_AUTOS = YES_AGGRESSIVE;
				GCC_WARN_UNUSED_FUNCTION = YES;
				GCC_WARN_UNUSED_VARIABLE = YES;
				IPHONEOS_DEPLOYMENT_TARGET = 8.0;
				MTL_ENABLE_DEBUG_INFO = YES;
				ONLY_ACTIVE_ARCH = YES;
				SDKROOT = iphoneos;
				TARGETED_DEVICE_FAMILY = "1,2";
			};
			name = Debug;
		};
		20386BC61BBBDD6700E2FB0A /* Release */ = {
			isa = XCBuildConfiguration;
			buildSettings = {
				ALWAYS_SEARCH_USER_PATHS = NO;
				CLANG_CXX_LANGUAGE_STANDARD = "gnu++0x";
				CLANG_CXX_LIBRARY = "libc++";
				CLANG_ENABLE_MODULES = YES;
				CLANG_ENABLE_OBJC_ARC = YES;
				CLANG_WARN_BLOCK_CAPTURE_AUTORELEASING = YES;
				CLANG_WARN_BOOL_CONVERSION = YES;
				CLANG_WARN_COMMA = YES;
				CLANG_WARN_CONSTANT_CONVERSION = YES;
				CLANG_WARN_DEPRECATED_OBJC_IMPLEMENTATIONS = YES;
				CLANG_WARN_DIRECT_OBJC_ISA_USAGE = YES_ERROR;
				CLANG_WARN_EMPTY_BODY = YES;
				CLANG_WARN_ENUM_CONVERSION = YES;
				CLANG_WARN_INFINITE_RECURSION = YES;
				CLANG_WARN_INT_CONVERSION = YES;
				CLANG_WARN_NON_LITERAL_NULL_CONVERSION = YES;
				CLANG_WARN_OBJC_IMPLICIT_RETAIN_SELF = YES;
				CLANG_WARN_OBJC_LITERAL_CONVERSION = YES;
				CLANG_WARN_OBJC_ROOT_CLASS = YES_ERROR;
				CLANG_WARN_RANGE_LOOP_ANALYSIS = YES;
				CLANG_WARN_STRICT_PROTOTYPES = YES;
				CLANG_WARN_SUSPICIOUS_MOVE = YES;
				CLANG_WARN_UNREACHABLE_CODE = YES;
				CLANG_WARN__DUPLICATE_METHOD_MATCH = YES;
				"CODE_SIGN_IDENTITY[sdk=iphoneos*]" = "iPhone Developer";
				COPY_PHASE_STRIP = NO;
				DEBUG_INFORMATION_FORMAT = "dwarf-with-dsym";
				ENABLE_NS_ASSERTIONS = NO;
				ENABLE_STRICT_OBJC_MSGSEND = YES;
				GCC_C_LANGUAGE_STANDARD = gnu99;
				GCC_NO_COMMON_BLOCKS = YES;
				GCC_WARN_64_TO_32_BIT_CONVERSION = YES;
				GCC_WARN_ABOUT_RETURN_TYPE = YES_ERROR;
				GCC_WARN_UNDECLARED_SELECTOR = YES;
				GCC_WARN_UNINITIALIZED_AUTOS = YES_AGGRESSIVE;
				GCC_WARN_UNUSED_FUNCTION = YES;
				GCC_WARN_UNUSED_VARIABLE = YES;
				IPHONEOS_DEPLOYMENT_TARGET = 8.0;
				MTL_ENABLE_DEBUG_INFO = NO;
				SDKROOT = iphoneos;
				TARGETED_DEVICE_FAMILY = "1,2";
				VALIDATE_PRODUCT = YES;
			};
			name = Release;
		};
		20386BC81BBBDD6700E2FB0A /* Debug */ = {
			isa = XCBuildConfiguration;
			baseConfigurationReference = D96154F88BDD0978867E9B04 /* Pods-photoviewer.debug.xcconfig */;
			buildSettings = {
				ASSETCATALOG_COMPILER_APPICON_NAME = AppIcon;
				DEVELOPMENT_TEAM = R985F5DP6G;
				ENABLE_BITCODE = NO;
				FRAMEWORK_SEARCH_PATHS = (
					"$(inherited)",
					"$(PROJECT_DIR)",
				);
				GCC_INPUT_FILETYPE = automatic;
				INFOPLIST_FILE = photoviewer/Info.plist;
				IPHONEOS_DEPLOYMENT_TARGET = 8.4;
				LD_RUNPATH_SEARCH_PATHS = "$(inherited) @executable_path/Frameworks";
				LIBRARY_SEARCH_PATHS = "";
				PRODUCT_BUNDLE_IDENTIFIER = com.evanlin.photoviewer;
				PRODUCT_NAME = photoviewer;
				TARGETED_DEVICE_FAMILY = 1;
			};
			name = Debug;
		};
		20386BC91BBBDD6700E2FB0A /* Release */ = {
			isa = XCBuildConfiguration;
			baseConfigurationReference = 2DEA2D13FCB22E9E227FDFEB /* Pods-photoviewer.release.xcconfig */;
			buildSettings = {
				ASSETCATALOG_COMPILER_APPICON_NAME = AppIcon;
				DEVELOPMENT_TEAM = R985F5DP6G;
				ENABLE_BITCODE = NO;
				FRAMEWORK_SEARCH_PATHS = (
					"$(inherited)",
					"$(PROJECT_DIR)",
				);
				GCC_INPUT_FILETYPE = automatic;
				INFOPLIST_FILE = photoviewer/Info.plist;
				IPHONEOS_DEPLOYMENT_TARGET = 8.4;
				LD_RUNPATH_SEARCH_PATHS = "$(inherited) @executable_path/Frameworks";
				LIBRARY_SEARCH_PATHS = "";
				PRODUCT_BUNDLE_IDENTIFIER = com.evanlin.photoviewer;
				PRODUCT_NAME = photoviewer;
				TARGETED_DEVICE_FAMILY = 1;
			};
			name = Release;
		};
/* End XCBuildConfiguration section */

/* Begin XCConfigurationList section */
		20386B951BBBDD6700E2FB0A /* Build configuration list for PBXProject "photoviewer" */ = {
			isa = XCConfigurationList;
			buildConfigurations = (
				20386BC51BBBDD6700E2FB0A /* Debug */,
				20386BC61BBBDD6700E2FB0A /* Release */,
			);
			defaultConfigurationIsVisible = 0;
			defaultConfigurationName = Release;
		};
		20386BC71BBBDD6700E2FB0A /* Build configuration list for PBXNativeTarget "photoviewer" */ = {
			isa = XCConfigurationList;
			buildConfigurations = (
				20386BC81BBBDD6700E2FB0A /* Debug */,
				20386BC91BBBDD6700E2FB0A /* Release */,
			);
			defaultConfigurationIsVisible = 0;
			defaultConfigurationName = Release;
		};
/* End XCConfigurationList section */
	};
	rootObject = 20386B921BBBDD6700E2FB0A /* Project object */;
}
